
Microsoft Visual Studio Solution File, Format Version 12.00
# Visual Studio 15
VisualStudioVersion = 15.0.28010.2026
MinimumVisualStudioVersion = 10.0.40219.1
Project("{FAE04EC0-301F-11D3-BF4B-00C04F79EFBC}") = "NumericTextBox", "NumericTextBox\NumericTextBox.csproj", "{677D71FF-D5A9-43B0-9F65-73E577820786}"
EndProject
Global
	GlobalSection(SolutionConfigurationPlatforms) = preSolution
		Debug|Any CPU = Debug|Any CPU
		Release|Any CPU = Release|Any CPU
	EndGlobalSection
	GlobalSection(ProjectConfigurationPlatforms) = postSolution
		{677D71FF-D5A9-43B0-9F65-73E577820786}.Debug|Any CPU.ActiveCfg = Debug|Any CPU
		{677D71FF-D5A9-43B0-9F65-73E577820786}.Debug|Any CPU.Build.0 = Debug|Any CPU
		{677D71FF-D5A9-43B0-9F65-73E577820786}.Release|Any CPU.ActiveCfg = Release|Any CPU
		{677D71FF-D5A9-43B0-9F65-73E577820786}.Release|Any CPU.Build.0 = Release|Any CPU
	EndGlobalSection
	GlobalSection(SolutionProperties) = preSolution
		HideSolutionNode = FALSE
	EndGlobalSection
	GlobalSection(ExtensibilityGlobals) = postSolution
		SolutionGuid = {3F262F60-0412-44A7-BB81-BC748099A378}
	EndGlobalSection
EndGlobal
